
Microsoft Visual Studio Solution File, Format Version 12.00
# Visual Studio Version 16
VisualStudioVersion = 16.0.30523.141
MinimumVisualStudioVersion = 10.0.40219.1
Project("{FAE04EC0-301F-11D3-BF4B-00C04F79EFBC}") = "OpenTK_Laba1_CG", "OpenTK_Laba1_CG\OpenTK_Laba1_CG.csproj", "{D174876B-ECCD-4DAB-949E-B437A7954900}"
EndProject
Global
	GlobalSection(SolutionConfigurationPlatforms) = preSolution
		Debug|Any CPU = Debug|Any CPU
		Release|Any CPU = Release|Any CPU
	EndGlobalSection
	GlobalSection(ProjectConfigurationPlatforms) = postSolution
		{D174876B-ECCD-4DAB-949E-B437A7954900}.Debug|Any CPU.ActiveCfg = Debug|Any CPU
		{D174876B-ECCD-4DAB-949E-B437A7954900}.Debug|Any CPU.Build.0 = Debug|Any CPU
		{D174876B-ECCD-4DAB-949E-B437A7954900}.Release|Any CPU.ActiveCfg = Release|Any CPU
		{D174876B-ECCD-4DAB-949E-B437A7954900}.Release|Any CPU.Build.0 = Release|Any CPU
	EndGlobalSection
	GlobalSection(SolutionProperties) = preSolution
		HideSolutionNode = FALSE
	EndGlobalSection
	GlobalSection(ExtensibilityGlobals) = postSolution
		SolutionGuid = {2011ABDE-FFCC-4F4E-8A58-67E25B56856F}
	EndGlobalSection
EndGlobal
