
Microsoft Visual Studio Solution File, Format Version 12.00
# Visual Studio Version 16
VisualStudioVersion = 16.0.30523.141
MinimumVisualStudioVersion = 10.0.40219.1
Project("{FAE04EC0-301F-11D3-BF4B-00C04F79EFBC}") = "OpenTK_Laba1_CG", "OpenTK_Laba1_CG\OpenTK_Laba1_CG.csproj", "{E728CB1B-6B9F-4857-BE59-62956E96A756}"
EndProject
Project("{FAE04EC0-301F-11D3-BF4B-00C04F79EFBC}") = "OpenTK_Laba2_CG", "OpenTK_Laba2_CG\OpenTK_Laba2_CG.csproj", "{D9F91A22-892F-40A6-94F2-5BC36BE7AFFE}"
EndProject
Project("{FAE04EC0-301F-11D3-BF4B-00C04F79EFBC}") = "Addition", "Addition\Addition.csproj", "{8AF1C7F0-9A96-4143-B49E-25E36900A4AB}"
EndProject
Project("{FAE04EC0-301F-11D3-BF4B-00C04F79EFBC}") = "OpenTK_Laba3_CG", "OpenTK_Laba3_CG\OpenTK_Laba3_CG.csproj", "{F63230A7-D90D-4DE3-BAF9-62EF74C57161}"
EndProject
Project("{FAE04EC0-301F-11D3-BF4B-00C04F79EFBC}") = "OpenTK_Laba4_CG", "OpenTK_Laba4_CG\OpenTK_Laba4_CG.csproj", "{DDF234A2-0E9F-4A97-888F-41DEFC4E7332}"
EndProject
Global
	GlobalSection(SolutionConfigurationPlatforms) = preSolution
		Debug|Any CPU = Debug|Any CPU
		Release|Any CPU = Release|Any CPU
	EndGlobalSection
	GlobalSection(ProjectConfigurationPlatforms) = postSolution
		{E728CB1B-6B9F-4857-BE59-62956E96A756}.Debug|Any CPU.ActiveCfg = Debug|Any CPU
		{E728CB1B-6B9F-4857-BE59-62956E96A756}.Debug|Any CPU.Build.0 = Debug|Any CPU
		{E728CB1B-6B9F-4857-BE59-62956E96A756}.Release|Any CPU.ActiveCfg = Release|Any CPU
		{E728CB1B-6B9F-4857-BE59-62956E96A756}.Release|Any CPU.Build.0 = Release|Any CPU
		{D9F91A22-892F-40A6-94F2-5BC36BE7AFFE}.Debug|Any CPU.ActiveCfg = Debug|Any CPU
		{D9F91A22-892F-40A6-94F2-5BC36BE7AFFE}.Debug|Any CPU.Build.0 = Debug|Any CPU
		{D9F91A22-892F-40A6-94F2-5BC36BE7AFFE}.Release|Any CPU.ActiveCfg = Release|Any CPU
		{D9F91A22-892F-40A6-94F2-5BC36BE7AFFE}.Release|Any CPU.Build.0 = Release|Any CPU
		{8AF1C7F0-9A96-4143-B49E-25E36900A4AB}.Debug|Any CPU.ActiveCfg = Debug|Any CPU
		{8AF1C7F0-9A96-4143-B49E-25E36900A4AB}.Debug|Any CPU.Build.0 = Debug|Any CPU
		{8AF1C7F0-9A96-4143-B49E-25E36900A4AB}.Release|Any CPU.ActiveCfg = Release|Any CPU
		{8AF1C7F0-9A96-4143-B49E-25E36900A4AB}.Release|Any CPU.Build.0 = Release|Any CPU
		{F63230A7-D90D-4DE3-BAF9-62EF74C57161}.Debug|Any CPU.ActiveCfg = Debug|Any CPU
		{F63230A7-D90D-4DE3-BAF9-62EF74C57161}.Debug|Any CPU.Build.0 = Debug|Any CPU
		{F63230A7-D90D-4DE3-BAF9-62EF74C57161}.Release|Any CPU.ActiveCfg = Release|Any CPU
		{F63230A7-D90D-4DE3-BAF9-62EF74C57161}.Release|Any CPU.Build.0 = Release|Any CPU
		{DDF234A2-0E9F-4A97-888F-41DEFC4E7332}.Debug|Any CPU.ActiveCfg = Debug|Any CPU
		{DDF234A2-0E9F-4A97-888F-41DEFC4E7332}.Debug|Any CPU.Build.0 = Debug|Any CPU
		{DDF234A2-0E9F-4A97-888F-41DEFC4E7332}.Release|Any CPU.ActiveCfg = Release|Any CPU
		{DDF234A2-0E9F-4A97-888F-41DEFC4E7332}.Release|Any CPU.Build.0 = Release|Any CPU
	EndGlobalSection
	GlobalSection(SolutionProperties) = preSolution
		HideSolutionNode = FALSE
	EndGlobalSection
	GlobalSection(ExtensibilityGlobals) = postSolution
		SolutionGuid = {001C2FDB-1177-471B-915C-70AE064CACD1}
	EndGlobalSection
EndGlobal
